
Microsoft Visual Studio Solution File, Format Version 12.00
# Visual Studio 15
VisualStudioVersion = 15.0.28307.572
MinimumVisualStudioVersion = 10.0.40219.1
Project("{9A19103F-16F7-4668-BE54-9A1E7A4F7556}") = "Worker.Core", "Worker.Core\Worker.Core.csproj", "{E01DFAB5-F04B-4FD9-9009-E87F97629845}"
EndProject
Project("{9A19103F-16F7-4668-BE54-9A1E7A4F7556}") = "Worker.DataAccess", "Worker.DataAccess\Worker.DataAccess.csproj", "{A6D9DD5D-1094-4724-B812-A211B55E596E}"
EndProject
Project("{9A19103F-16F7-4668-BE54-9A1E7A4F7556}") = "Worker.Entities", "Worker.Entities\Worker.Entities.csproj", "{A510CA00-A7DB-4EAF-8555-CEFDC020D403}"
EndProject
Project("{9A19103F-16F7-4668-BE54-9A1E7A4F7556}") = "Worker.Business", "Worker.Business\Worker.Business.csproj", "{67A91768-A6D2-471B-A683-14399FC3D243}"
EndProject
Project("{9A19103F-16F7-4668-BE54-9A1E7A4F7556}") = "Worker.MvcUI", "Worker.MvcUI\Worker.MvcUI.csproj", "{5CED48CF-B7B7-446C-AE75-6E29280759E2}"
EndProject
Project("{9A19103F-16F7-4668-BE54-9A1E7A4F7556}") = "Worker.MVC.UI", "Worker.MVC.UI\Worker.MVC.UI.csproj", "{9F7D8EAF-221E-4D66-9E07-85A37E8FD727}"
EndProject
Global
	GlobalSection(SolutionConfigurationPlatforms) = preSolution
		Debug|Any CPU = Debug|Any CPU
		Release|Any CPU = Release|Any CPU
	EndGlobalSection
	GlobalSection(ProjectConfigurationPlatforms) = postSolution
		{E01DFAB5-F04B-4FD9-9009-E87F97629845}.Debug|Any CPU.ActiveCfg = Debug|Any CPU
		{E01DFAB5-F04B-4FD9-9009-E87F97629845}.Debug|Any CPU.Build.0 = Debug|Any CPU
		{E01DFAB5-F04B-4FD9-9009-E87F97629845}.Release|Any CPU.ActiveCfg = Release|Any CPU
		{E01DFAB5-F04B-4FD9-9009-E87F97629845}.Release|Any CPU.Build.0 = Release|Any CPU
		{A6D9DD5D-1094-4724-B812-A211B55E596E}.Debug|Any CPU.ActiveCfg = Debug|Any CPU
		{A6D9DD5D-1094-4724-B812-A211B55E596E}.Debug|Any CPU.Build.0 = Debug|Any CPU
		{A6D9DD5D-1094-4724-B812-A211B55E596E}.Release|Any CPU.ActiveCfg = Release|Any CPU
		{A6D9DD5D-1094-4724-B812-A211B55E596E}.Release|Any CPU.Build.0 = Release|Any CPU
		{A510CA00-A7DB-4EAF-8555-CEFDC020D403}.Debug|Any CPU.ActiveCfg = Debug|Any CPU
		{A510CA00-A7DB-4EAF-8555-CEFDC020D403}.Debug|Any CPU.Build.0 = Debug|Any CPU
		{A510CA00-A7DB-4EAF-8555-CEFDC020D403}.Release|Any CPU.ActiveCfg = Release|Any CPU
		{A510CA00-A7DB-4EAF-8555-CEFDC020D403}.Release|Any CPU.Build.0 = Release|Any CPU
		{67A91768-A6D2-471B-A683-14399FC3D243}.Debug|Any CPU.ActiveCfg = Debug|Any CPU
		{67A91768-A6D2-471B-A683-14399FC3D243}.Debug|Any CPU.Build.0 = Debug|Any CPU
		{67A91768-A6D2-471B-A683-14399FC3D243}.Release|Any CPU.ActiveCfg = Release|Any CPU
		{67A91768-A6D2-471B-A683-14399FC3D243}.Release|Any CPU.Build.0 = Release|Any CPU
		{5CED48CF-B7B7-446C-AE75-6E29280759E2}.Debug|Any CPU.ActiveCfg = Debug|Any CPU
		{5CED48CF-B7B7-446C-AE75-6E29280759E2}.Debug|Any CPU.Build.0 = Debug|Any CPU
		{5CED48CF-B7B7-446C-AE75-6E29280759E2}.Release|Any CPU.ActiveCfg = Release|Any CPU
		{5CED48CF-B7B7-446C-AE75-6E29280759E2}.Release|Any CPU.Build.0 = Release|Any CPU
		{9F7D8EAF-221E-4D66-9E07-85A37E8FD727}.Debug|Any CPU.ActiveCfg = Debug|Any CPU
		{9F7D8EAF-221E-4D66-9E07-85A37E8FD727}.Debug|Any CPU.Build.0 = Debug|Any CPU
		{9F7D8EAF-221E-4D66-9E07-85A37E8FD727}.Release|Any CPU.ActiveCfg = Release|Any CPU
		{9F7D8EAF-221E-4D66-9E07-85A37E8FD727}.Release|Any CPU.Build.0 = Release|Any CPU
	EndGlobalSection
	GlobalSection(SolutionProperties) = preSolution
		HideSolutionNode = FALSE
	EndGlobalSection
	GlobalSection(ExtensibilityGlobals) = postSolution
		SolutionGuid = {BEAF1076-3DB5-45A7-AE55-2F3C22BBE36C}
	EndGlobalSection
EndGlobal
